<?xml version="1.0" encoding="utf-8"?>
<Project ToolsVersion="4.0" xmlns="http://schemas.microsoft.com/developer/msbuild/2003">
  <ItemGroup>
    <Filter Include="Source Files">
      <UniqueIdentifier>{4FC737F1-C7A5-4376-A066-2A32D752A2FF}</UniqueIdentifier>
      <Extensions>cpp;c;cc;cxx;c++;cppm;ixx;def;odl;idl;hpj;bat;asm;asmx</Extensions>
    </Filter>
    <Filter Include="Header Files">
      <UniqueIdentifier>{93995380-89BD-4b04-88EB-625FBE52EBFB}</UniqueIdentifier>
      <Extensions>h;hh;hpp;hxx;h++;hm;inl;inc;ipp;xsd</Extensions>
    </Filter>
    <Filter Include="Resource Files">
      <UniqueIdentifier>{67DA6AB6-F800-4c08-8B7A-83BB121AAD01}</UniqueIdentifier>
      <Extensions>rc;ico;cur;bmp;dlg;rc2;rct;bin;rgs;gif;jpg;jpeg;jpe;resx;tiff;tif;png;wav;mfcribbon-ms</Extensions>
    </Filter>
    <Filter Include="Source Files\maths">
      <UniqueIdentifier>{bec3ba3b-5d4e-4667-a0b7-9263dc3718d7}</UniqueIdentifier>
    </Filter>
    <Filter Include="Source Files\INTELLIGENCE">
      <UniqueIdentifier>{423fb00f-2dcf-4eba-ae47-75debb415a15}</UniqueIdentifier>
    </Filter>
    <Filter Include="Source Files\pendulum">
      <UniqueIdentifier>{21be00c6-d5ba-4b73-b396-40f565e5f8d7}</UniqueIdentifier>
    </Filter>
  </ItemGroup>
  <ItemGroup>
    <ClInclude Include="olcPixelGameEngine.h">
      <Filter>Header Files</Filter>
    </ClInclude>
    <ClInclude Include="pch.h">
      <Filter>Header Files</Filter>
    </ClInclude>
    <ClInclude Include="vectors.hpp">
      <Filter>Source Files\maths</Filter>
    </ClInclude>
    <ClInclude Include="typedefs.hpp">
      <Filter>Source Files\maths</Filter>
    </ClInclude>
    <ClInclude Include="entry.hpp">
      <Filter>Source Files</Filter>
    </ClInclude>
    <ClInclude Include="math.hpp">
      <Filter>Source Files\maths</Filter>
    </ClInclude>
    <ClInclude Include="brain.hpp">
      <Filter>Source Files\INTELLIGENCE</Filter>
    </ClInclude>
    <ClInclude Include="cell.hpp">
      <Filter>Source Files\INTELLIGENCE</Filter>
    </ClInclude>
    <ClInclude Include="pendulum.hpp">
      <Filter>Source Files\pendulum</Filter>
    </ClInclude>
    <ClInclude Include="main_pendulum.hpp">
      <Filter>Source Files\pendulum</Filter>
    </ClInclude>
    <ClInclude Include="population.hpp">
      <Filter>Source Files\INTELLIGENCE</Filter>
    </ClInclude>
  </ItemGroup>
  <ItemGroup>
    <ClCompile Include="olcPixelGameEngine.cpp">
      <Filter>Header Files</Filter>
    </ClCompile>
    <ClCompile Include="vectors.cpp">
      <Filter>Source Files\maths</Filter>
    </ClCompile>
    <ClCompile Include="pch.cpp">
      <Filter>Source Files</Filter>
    </ClCompile>
    <ClCompile Include="entry.cpp">
      <Filter>Source Files</Filter>
    </ClCompile>
    <ClCompile Include="math.cpp">
      <Filter>Source Files\maths</Filter>
    </ClCompile>
    <ClCompile Include="brain.cpp">
      <Filter>Source Files\INTELLIGENCE</Filter>
    </ClCompile>
    <ClCompile Include="cell.cpp">
      <Filter>Source Files\INTELLIGENCE</Filter>
    </ClCompile>
    <ClCompile Include="pendulum.cpp">
      <Filter>Source Files\pendulum</Filter>
    </ClCompile>
    <ClCompile Include="main_pendulum.cpp">
      <Filter>Source Files\pendulum</Filter>
    </ClCompile>
    <ClCompile Include="population.cpp">
      <Filter>Source Files\INTELLIGENCE</Filter>
    </ClCompile>
  </ItemGroup>
</Project>